{
  "name": "egg-n-bacon-housing",
  "version": "1.0.0",
  "lockfileVersion": 3,
  "requires": true,
  "packages": {
    "": {
      "name": "egg-n-bacon-housing",
      "version": "1.0.0",
      "devDependencies": {
        "@playwright/test": "^1.52.0",
        "rehype-katex": "^7.0.1",
        "remark-math": "^6.0.0"
      }
    },
    "node_modules/@playwright/test": {
      "version": "1.58.2",
      "resolved": "https://registry.npmjs.org/@playwright/test/-/test-1.58.2.tgz",
      "integrity": "sha512-akea+6bHYBBfA9uQqSYmlJXn61cTa+jbO87xVLCWbTqbWadRVmhxlXATaOjOgcBaWU4ePo0wB41KMFv3o35IXA==",
      "dev": true,
      "license": "Apache-2.0",
      "dependencies": {
        "playwright": "1.58.2"
      },
      "bin": {
        "playwright": "cli.js"
      },
      "engines": {
        "node": ">=18"
      }
    },
    "node_modules/@types/debug": {
      "version": "4.1.12",
      "dev": true,
      "license": "MIT",
      "dependencies": {
        "@types/ms": "*"
      }
    },
    "node_modules/@types/hast": {
      "version": "3.0.4",
      "dev": true,
      "license": "MIT",
      "dependencies": {
        "@types/unist": "*"
      }
    },
    "node_modules/@types/katex": {
      "version": "0.16.8",
      "dev": true,
      "license": "MIT"
    },
    "node_modules/@types/mdast": {
      "version": "4.0.4",
      "dev": true,
      "license": "MIT",
      "dependencies": {
        "@types/unist": "*"
      }
    },
    "node_modules/@types/ms": {
      "version": "2.1.0",
      "dev": true,
      "license": "MIT"
    },
    "node_modules/@types/unist": {
      "version": "3.0.3",
      "dev": true,
      "license": "MIT"
    },
    "node_modules/bail": {
      "version": "2.0.2",
      "dev": true,
      "license": "MIT",
      "funding": {
        "type": "github",
        "url": "https://github.com/sponsors/wooorm"
      }
    },
    "node_modules/character-entities": {
      "version": "2.0.2",
      "dev": true,
      "license": "MIT",
      "funding": {
        "type": "github",
        "url": "https://github.com/sponsors/wooorm"
      }
    },
    "node_modules/comma-separated-tokens": {
      "version": "2.0.3",
      "dev": true,
      "license": "MIT",
      "funding": {
        "type": "github",
        "url": "https://github.com/sponsors/wooorm"
      }
    },
    "node_modules/commander": {
      "version": "8.3.0",
      "dev": true,
      "license": "MIT",
      "engines": {
        "node": ">= 12"
      }
    },
    "node_modules/debug": {
      "version": "4.4.3",
      "dev": true,
      "license": "MIT",
      "dependencies": {
        "ms": "^2.1.3"
      },
      "engines": {
        "node": ">=6.0"
      },
      "peerDependenciesMeta": {
        "supports-color": {
          "optional": true
        }
      }
    },
    "node_modules/decode-named-character-reference": {
      "version": "1.3.0",
      "dev": true,
      "license": "MIT",
      "dependencies": {
        "character-entities": "^2.0.0"
      },
      "funding": {
        "type": "github",
        "url": "https://github.com/sponsors/wooorm"
      }
    },
    "node_modules/dequal": {
      "version": "2.0.3",
      "dev": true,
      "license": "MIT",
      "engines": {
        "node": ">=6"
      }
    },
    "node_modules/devlop": {
      "version": "1.1.0",
      "dev": true,
      "license": "MIT",
      "dependencies": {
        "dequal": "^2.0.0"
      },
      "funding": {
        "type": "github",
        "url": "https://github.com/sponsors/wooorm"
      }
    },
    "node_modules/entities": {
      "version": "6.0.1",
      "dev": true,
      "license": "BSD-2-Clause",
      "engines": {
        "node": ">=0.12"
      },
      "funding": {
        "url": "https://github.com/fb55/entities?sponsor=1"
      }
    },
    "node_modules/extend": {
      "version": "3.0.2",
      "dev": true,
      "license": "MIT"
    },
    "node_modules/fsevents": {
      "version": "2.3.2",
      "resolved": "https://registry.npmjs.org/fsevents/-/fsevents-2.3.2.tgz",
      "integrity": "sha512-xiqMQR4xAeHTuB9uWm+fFRcIOgKBMiOBP+eXiyT7jsgVCq1bkVygt00oASowB7EdtpOHaaPgKt812P9ab+DDKA==",
      "dev": true,
      "hasInstallScript": true,
      "license": "MIT",
      "optional": true,
      "os": [
        "darwin"
      ],
      "engines": {
        "node": "^8.16.0 || ^10.6.0 || >=11.0.0"
      }
    },
    "node_modules/hast-util-from-dom": {
      "version": "5.0.1",
      "dev": true,
      "license": "ISC",
      "dependencies": {
        "@types/hast": "^3.0.0",
        "hastscript": "^9.0.0",
        "web-namespaces": "^2.0.0"
      },
      "funding": {
        "type": "opencollective",
        "url": "https://opencollective.com/unified"
      }
    },
    "node_modules/hast-util-from-html": {
      "version": "2.0.3",
      "dev": true,
      "license": "MIT",
      "dependencies": {
        "@types/hast": "^3.0.0",
        "devlop": "^1.1.0",
        "hast-util-from-parse5": "^8.0.0",
        "parse5": "^7.0.0",
        "vfile": "^6.0.0",
        "vfile-message": "^4.0.0"
      },
      "funding": {
        "type": "opencollective",
        "url": "https://opencollective.com/unified"
      }
    },
    "node_modules/hast-util-from-html-isomorphic": {
      "version": "2.0.0",
      "dev": true,
      "license": "MIT",
      "dependencies": {
        "@types/hast": "^3.0.0",
        "hast-util-from-dom": "^5.0.0",
        "hast-util-from-html": "^2.0.0",
        "unist-util-remove-position": "^5.0.0"
      },
      "funding": {
        "type": "opencollective",
        "url": "https://opencollective.com/unified"
      }
    },
    "node_modules/hast-util-from-parse5": {
      "version": "8.0.3",
      "dev": true,
      "license": "MIT",
      "dependencies": {
        "@types/hast": "^3.0.0",
        "@types/unist": "^3.0.0",
        "devlop": "^1.0.0",
        "hastscript": "^9.0.0",
        "property-information": "^7.0.0",
        "vfile": "^6.0.0",
        "vfile-location": "^5.0.0",
        "web-namespaces": "^2.0.0"
      },
      "funding": {
        "type": "opencollective",
        "url": "https://opencollective.com/unified"
      }
    },
    "node_modules/hast-util-is-element": {
      "version": "3.0.0",
      "dev": true,
      "license": "MIT",
      "dependencies": {
        "@types/hast": "^3.0.0"
      },
      "funding": {
        "type": "opencollective",
        "url": "https://opencollective.com/unified"
      }
    },
    "node_modules/hast-util-parse-selector": {
      "version": "4.0.0",
      "dev": true,
      "license": "MIT",
      "dependencies": {
        "@types/hast": "^3.0.0"
      },
      "funding": {
        "type": "opencollective",
        "url": "https://opencollective.com/unified"
      }
    },
    "node_modules/hast-util-to-text": {
      "version": "4.0.2",
      "dev": true,
      "license": "MIT",
      "dependencies": {
        "@types/hast": "^3.0.0",
        "@types/unist": "^3.0.0",
        "hast-util-is-element": "^3.0.0",
        "unist-util-find-after": "^5.0.0"
      },
      "funding": {
        "type": "opencollective",
        "url": "https://opencollective.com/unified"
      }
    },
    "node_modules/hastscript": {
      "version": "9.0.1",
      "dev": true,
      "license": "MIT",
      "dependencies": {
        "@types/hast": "^3.0.0",
        "comma-separated-tokens": "^2.0.0",
        "hast-util-parse-selector": "^4.0.0",
        "property-information": "^7.0.0",
        "space-separated-tokens": "^2.0.0"
      },
      "funding": {
        "type": "opencollective",
        "url": "https://opencollective.com/unified"
      }
    },
    "node_modules/is-plain-obj": {
      "version": "4.1.0",
      "dev": true,
      "license": "MIT",
      "engines": {
        "node": ">=12"
      },
      "funding": {
        "url": "https://github.com/sponsors/sindresorhus"
      }
    },
    "node_modules/katex": {
      "version": "0.16.28",
      "dev": true,
      "funding": [
        "https://opencollective.com/katex",
        "https://github.com/sponsors/katex"
      ],
      "license": "MIT",
      "dependencies": {
        "commander": "^8.3.0"
      },
      "bin": {
        "katex": "cli.js"
      }
    },
    "node_modules/longest-streak": {
      "version": "3.1.0",
      "dev": true,
      "license": "MIT",
      "funding": {
        "type": "github",
        "url": "https://github.com/sponsors/wooorm"
      }
    },
    "node_modules/mdast-util-from-markdown": {
      "version": "2.0.2",
      "dev": true,
      "license": "MIT",
      "dependencies": {
        "@types/mdast": "^4.0.0",
        "@types/unist": "^3.0.0",
        "decode-named-character-reference": "^1.0.0",
        "devlop": "^1.0.0",
        "mdast-util-to-string": "^4.0.0",
        "micromark": "^4.0.0",
        "micromark-util-decode-numeric-character-reference": "^2.0.0",
        "micromark-util-decode-string": "^2.0.0",
        "micromark-util-normalize-identifier": "^2.0.0",
        "micromark-util-symbol": "^2.0.0",
        "micromark-util-types": "^2.0.0",
        "unist-util-stringify-position": "^4.0.0"
      },
      "funding": {
        "type": "opencollective",
        "url": "https://opencollective.com/unified"
      }
    },
    "node_modules/mdast-util-math": {
      "version": "3.0.0",
      "dev": true,
      "license": "MIT",
      "dependencies": {
        "@types/hast": "^3.0.0",
        "@types/mdast": "^4.0.0",
        "devlop": "^1.0.0",
        "longest-streak": "^3.0.0",
        "mdast-util-from-markdown": "^2.0.0",
        "mdast-util-to-markdown": "^2.1.0",
        "unist-util-remove-position": "^5.0.0"
      },
      "funding": {
        "type": "opencollective",
        "url": "https://opencollective.com/unified"
      }
    },
    "node_modules/mdast-util-phrasing": {
      "version": "4.1.0",
      "dev": true,
      "license": "MIT",
      "dependencies": {
        "@types/mdast": "^4.0.0",
        "unist-util-is": "^6.0.0"
      },
      "funding": {
        "type": "opencollective",
        "url": "https://opencollective.com/unified"
      }
    },
    "node_modules/mdast-util-to-markdown": {
      "version": "2.1.2",
      "dev": true,
      "license": "MIT",
      "dependencies": {
        "@types/mdast": "^4.0.0",
        "@types/unist": "^3.0.0",
        "longest-streak": "^3.0.0",
        "mdast-util-phrasing": "^4.0.0",
        "mdast-util-to-string": "^4.0.0",
        "micromark-util-classify-character": "^2.0.0",
        "micromark-util-decode-string": "^2.0.0",
        "unist-util-visit": "^5.0.0",
        "zwitch": "^2.0.0"
      },
      "funding": {
        "type": "opencollective",
        "url": "https://opencollective.com/unified"
      }
    },
    "node_modules/mdast-util-to-string": {
      "version": "4.0.0",
      "dev": true,
      "license": "MIT",
      "dependencies": {
        "@types/mdast": "^4.0.0"
      },
      "funding": {
        "type": "opencollective",
        "url": "https://opencollective.com/unified"
      }
    },
    "node_modules/micromark": {
      "version": "4.0.2",
      "dev": true,
      "funding": [
        {
          "type": "GitHub Sponsors",
          "url": "https://github.com/sponsors/unifiedjs"
        },
        {
          "type": "OpenCollective",
          "url": "https://opencollective.com/unified"
        }
      ],
      "license": "MIT",
      "dependencies": {
        "@types/debug": "^4.0.0",
        "debug": "^4.0.0",
        "decode-named-character-reference": "^1.0.0",
        "devlop": "^1.0.0",
        "micromark-core-commonmark": "^2.0.0",
        "micromark-factory-space": "^2.0.0",
        "micromark-util-character": "^2.0.0",
        "micromark-util-chunked": "^2.0.0",
        "micromark-util-combine-extensions": "^2.0.0",
        "micromark-util-decode-numeric-character-reference": "^2.0.0",
        "micromark-util-encode": "^2.0.0",
        "micromark-util-normalize-identifier": "^2.0.0",
        "micromark-util-resolve-all": "^2.0.0",
        "micromark-util-sanitize-uri": "^2.0.0",
        "micromark-util-subtokenize": "^2.0.0",
        "micromark-util-symbol": "^2.0.0",
        "micromark-util-types": "^2.0.0"
      }
    },
    "node_modules/micromark-core-commonmark": {
      "version": "2.0.3",
      "dev": true,
      "funding": [
        {
          "type": "GitHub Sponsors",
          "url": "https://github.com/sponsors/unifiedjs"
        },
        {
          "type": "OpenCollective",
          "url": "https://opencollective.com/unified"
        }
      ],
      "license": "MIT",
      "dependencies": {
        "decode-named-character-reference": "^1.0.0",
        "devlop": "^1.0.0",
        "micromark-factory-destination": "^2.0.0",
        "micromark-factory-label": "^2.0.0",
        "micromark-factory-space": "^2.0.0",
        "micromark-factory-title": "^2.0.0",
        "micromark-factory-whitespace": "^2.0.0",
        "micromark-util-character": "^2.0.0",
        "micromark-util-chunked": "^2.0.0",
        "micromark-util-classify-character": "^2.0.0",
        "micromark-util-html-tag-name": "^2.0.0",
        "micromark-util-normalize-identifier": "^2.0.0",
        "micromark-util-resolve-all": "^2.0.0",
        "micromark-util-subtokenize": "^2.0.0",
        "micromark-util-symbol": "^2.0.0",
        "micromark-util-types": "^2.0.0"
      }
    },
    "node_modules/micromark-extension-math": {
      "version": "3.1.0",
      "dev": true,
      "license": "MIT",
      "dependencies": {
        "@types/katex": "^0.16.0",
        "devlop": "^1.0.0",
        "katex": "^0.16.0",
        "micromark-factory-space": "^2.0.0",
        "micromark-util-character": "^2.0.0",
        "micromark-util-symbol": "^2.0.0",
        "micromark-util-types": "^2.0.0"
      },
      "funding": {
        "type": "opencollective",
        "url": "https://opencollective.com/unified"
      }
    },
    "node_modules/micromark-factory-destination": {
      "version": "2.0.1",
      "dev": true,
      "funding": [
        {
          "type": "GitHub Sponsors",
          "url": "https://github.com/sponsors/unifiedjs"
        },
        {
          "type": "OpenCollective",
          "url": "https://opencollective.com/unified"
        }
      ],
      "license": "MIT",
      "dependencies": {
        "micromark-util-character": "^2.0.0",
        "micromark-util-symbol": "^2.0.0",
        "micromark-util-types": "^2.0.0"
      }
    },
    "node_modules/micromark-factory-label": {
      "version": "2.0.1",
      "dev": true,
      "funding": [
        {
          "type": "GitHub Sponsors",
          "url": "https://github.com/sponsors/unifiedjs"
        },
        {
          "type": "OpenCollective",
          "url": "https://opencollective.com/unified"
        }
      ],
      "license": "MIT",
      "dependencies": {
        "devlop": "^1.0.0",
        "micromark-util-character": "^2.0.0",
        "micromark-util-symbol": "^2.0.0",
        "micromark-util-types": "^2.0.0"
      }
    },
    "node_modules/micromark-factory-space": {
      "version": "2.0.1",
      "dev": true,
      "funding": [
        {
          "type": "GitHub Sponsors",
          "url": "https://github.com/sponsors/unifiedjs"
        },
        {
          "type": "OpenCollective",
          "url": "https://opencollective.com/unified"
        }
      ],
      "license": "MIT",
      "dependencies": {
        "micromark-util-character": "^2.0.0",
        "micromark-util-types": "^2.0.0"
      }
    },
    "node_modules/micromark-factory-title": {
      "version": "2.0.1",
      "dev": true,
      "funding": [
        {
          "type": "GitHub Sponsors",
          "url": "https://github.com/sponsors/unifiedjs"
        },
        {
          "type": "OpenCollective",
          "url": "https://opencollective.com/unified"
        }
      ],
      "license": "MIT",
      "dependencies": {
        "micromark-factory-space": "^2.0.0",
        "micromark-util-character": "^2.0.0",
        "micromark-util-symbol": "^2.0.0",
        "micromark-util-types": "^2.0.0"
      }
    },
    "node_modules/micromark-factory-whitespace": {
      "version": "2.0.1",
      "dev": true,
      "funding": [
        {
          "type": "GitHub Sponsors",
          "url": "https://github.com/sponsors/unifiedjs"
        },
        {
          "type": "OpenCollective",
          "url": "https://opencollective.com/unified"
        }
      ],
      "license": "MIT",
      "dependencies": {
        "micromark-factory-space": "^2.0.0",
        "micromark-util-character": "^2.0.0",
        "micromark-util-symbol": "^2.0.0",
        "micromark-util-types": "^2.0.0"
      }
    },
    "node_modules/micromark-util-character": {
      "version": "2.1.1",
      "dev": true,
      "funding": [
        {
          "type": "GitHub Sponsors",
          "url": "https://github.com/sponsors/unifiedjs"
        },
        {
          "type": "OpenCollective",
          "url": "https://opencollective.com/unified"
        }
      ],
      "license": "MIT",
      "dependencies": {
        "micromark-util-symbol": "^2.0.0",
        "micromark-util-types": "^2.0.0"
      }
    },
    "node_modules/micromark-util-chunked": {
      "version": "2.0.1",
      "dev": true,
      "funding": [
        {
          "type": "GitHub Sponsors",
          "url": "https://github.com/sponsors/unifiedjs"
        },
        {
          "type": "OpenCollective",
          "url": "https://opencollective.com/unified"
        }
      ],
      "license": "MIT",
      "dependencies": {
        "micromark-util-symbol": "^2.0.0"
      }
    },
    "node_modules/micromark-util-classify-character": {
      "version": "2.0.1",
      "dev": true,
      "funding": [
        {
          "type": "GitHub Sponsors",
          "url": "https://github.com/sponsors/unifiedjs"
        },
        {
          "type": "OpenCollective",
          "url": "https://opencollective.com/unified"
        }
      ],
      "license": "MIT",
      "dependencies": {
        "micromark-util-character": "^2.0.0",
        "micromark-util-symbol": "^2.0.0",
        "micromark-util-types": "^2.0.0"
      }
    },
    "node_modules/micromark-util-combine-extensions": {
      "version": "2.0.1",
      "dev": true,
      "funding": [
        {
          "type": "GitHub Sponsors",
          "url": "https://github.com/sponsors/unifiedjs"
        },
        {
          "type": "OpenCollective",
          "url": "https://opencollective.com/unified"
        }
      ],
      "license": "MIT",
      "dependencies": {
        "micromark-util-chunked": "^2.0.0",
        "micromark-util-types": "^2.0.0"
      }
    },
    "node_modules/micromark-util-decode-numeric-character-reference": {
      "version": "2.0.2",
      "dev": true,
      "funding": [
        {
          "type": "GitHub Sponsors",
          "url": "https://github.com/sponsors/unifiedjs"
        },
        {
          "type": "OpenCollective",
          "url": "https://opencollective.com/unified"
        }
      ],
      "license": "MIT",
      "dependencies": {
        "micromark-util-symbol": "^2.0.0"
      }
    },
    "node_modules/micromark-util-decode-string": {
      "version": "2.0.1",
      "dev": true,
      "funding": [
        {
          "type": "GitHub Sponsors",
          "url": "https://github.com/sponsors/unifiedjs"
        },
        {
          "type": "OpenCollective",
          "url": "https://opencollective.com/unified"
        }
      ],
      "license": "MIT",
      "dependencies": {
        "decode-named-character-reference": "^1.0.0",
        "micromark-util-character": "^2.0.0",
        "micromark-util-decode-numeric-character-reference": "^2.0.0",
        "micromark-util-symbol": "^2.0.0"
      }
    },
    "node_modules/micromark-util-encode": {
      "version": "2.0.1",
      "dev": true,
      "funding": [
        {
          "type": "GitHub Sponsors",
          "url": "https://github.com/sponsors/unifiedjs"
        },
        {
          "type": "OpenCollective",
          "url": "https://opencollective.com/unified"
        }
      ],
      "license": "MIT"
    },
    "node_modules/micromark-util-html-tag-name": {
      "version": "2.0.1",
      "dev": true,
      "funding": [
        {
          "type": "GitHub Sponsors",
          "url": "https://github.com/sponsors/unifiedjs"
        },
        {
          "type": "OpenCollective",
          "url": "https://opencollective.com/unified"
        }
      ],
      "license": "MIT"
    },
    "node_modules/micromark-util-normalize-identifier": {
      "version": "2.0.1",
      "dev": true,
      "funding": [
        {
          "type": "GitHub Sponsors",
          "url": "https://github.com/sponsors/unifiedjs"
        },
        {
          "type": "OpenCollective",
          "url": "https://opencollective.com/unified"
        }
      ],
      "license": "MIT",
      "dependencies": {
        "micromark-util-symbol": "^2.0.0"
      }
    },
    "node_modules/micromark-util-resolve-all": {
      "version": "2.0.1",
      "dev": true,
      "funding": [
        {
          "type": "GitHub Sponsors",
          "url": "https://github.com/sponsors/unifiedjs"
        },
        {
          "type": "OpenCollective",
          "url": "https://opencollective.com/unified"
        }
      ],
      "license": "MIT",
      "dependencies": {
        "micromark-util-types": "^2.0.0"
      }
    },
    "node_modules/micromark-util-sanitize-uri": {
      "version": "2.0.1",
      "dev": true,
      "funding": [
        {
          "type": "GitHub Sponsors",
          "url": "https://github.com/sponsors/unifiedjs"
        },
        {
          "type": "OpenCollective",
          "url": "https://opencollective.com/unified"
        }
      ],
      "license": "MIT",
      "dependencies": {
        "micromark-util-character": "^2.0.0",
        "micromark-util-encode": "^2.0.0",
        "micromark-util-symbol": "^2.0.0"
      }
    },
    "node_modules/micromark-util-subtokenize": {
      "version": "2.1.0",
      "dev": true,
      "funding": [
        {
          "type": "GitHub Sponsors",
          "url": "https://github.com/sponsors/unifiedjs"
        },
        {
          "type": "OpenCollective",
          "url": "https://opencollective.com/unified"
        }
      ],
      "license": "MIT",
      "dependencies": {
        "devlop": "^1.0.0",
        "micromark-util-chunked": "^2.0.0",
        "micromark-util-symbol": "^2.0.0",
        "micromark-util-types": "^2.0.0"
      }
    },
    "node_modules/micromark-util-symbol": {
      "version": "2.0.1",
      "dev": true,
      "funding": [
        {
          "type": "GitHub Sponsors",
          "url": "https://github.com/sponsors/unifiedjs"
        },
        {
          "type": "OpenCollective",
          "url": "https://opencollective.com/unified"
        }
      ],
      "license": "MIT"
    },
    "node_modules/micromark-util-types": {
      "version": "2.0.2",
      "dev": true,
      "funding": [
        {
          "type": "GitHub Sponsors",
          "url": "https://github.com/sponsors/unifiedjs"
        },
        {
          "type": "OpenCollective",
          "url": "https://opencollective.com/unified"
        }
      ],
      "license": "MIT"
    },
    "node_modules/ms": {
      "version": "2.1.3",
      "dev": true,
      "license": "MIT"
    },
    "node_modules/parse5": {
      "version": "7.3.0",
      "dev": true,
      "license": "MIT",
      "dependencies": {
        "entities": "^6.0.0"
      },
      "funding": {
        "url": "https://github.com/inikulin/parse5?sponsor=1"
      }
    },
    "node_modules/playwright": {
      "version": "1.58.2",
      "resolved": "https://registry.npmjs.org/playwright/-/playwright-1.58.2.tgz",
      "integrity": "sha512-vA30H8Nvkq/cPBnNw4Q8TWz1EJyqgpuinBcHET0YVJVFldr8JDNiU9LaWAE1KqSkRYazuaBhTpB5ZzShOezQ6A==",
      "dev": true,
      "license": "Apache-2.0",
      "dependencies": {
        "playwright-core": "1.58.2"
      },
      "bin": {
        "playwright": "cli.js"
      },
      "engines": {
        "node": ">=18"
      },
      "optionalDependencies": {
        "fsevents": "2.3.2"
      }
    },
    "node_modules/playwright-core": {
      "version": "1.58.2",
      "resolved": "https://registry.npmjs.org/playwright-core/-/playwright-core-1.58.2.tgz",
      "integrity": "sha512-yZkEtftgwS8CsfYo7nm0KE8jsvm6i/PTgVtB8DL726wNf6H2IMsDuxCpJj59KDaxCtSnrWan2AeDqM7JBaultg==",
      "dev": true,
      "license": "Apache-2.0",
      "bin": {
        "playwright-core": "cli.js"
      },
      "engines": {
        "node": ">=18"
      }
    },
    "node_modules/property-information": {
      "version": "7.1.0",
      "dev": true,
      "license": "MIT",
      "funding": {
        "type": "github",
        "url": "https://github.com/sponsors/wooorm"
      }
    },
    "node_modules/rehype-katex": {
      "version": "7.0.1",
      "dev": true,
      "license": "MIT",
      "dependencies": {
        "@types/hast": "^3.0.0",
        "@types/katex": "^0.16.0",
        "hast-util-from-html-isomorphic": "^2.0.0",
        "hast-util-to-text": "^4.0.0",
        "katex": "^0.16.0",
        "unist-util-visit-parents": "^6.0.0",
        "vfile": "^6.0.0"
      },
      "funding": {
        "type": "opencollective",
        "url": "https://opencollective.com/unified"
      }
    },
    "node_modules/remark-math": {
      "version": "6.0.0",
      "dev": true,
      "license": "MIT",
      "dependencies": {
        "@types/mdast": "^4.0.0",
        "mdast-util-math": "^3.0.0",
        "micromark-extension-math": "^3.0.0",
        "unified": "^11.0.0"
      },
      "funding": {
        "type": "opencollective",
        "url": "https://opencollective.com/unified"
      }
    },
    "node_modules/space-separated-tokens": {
      "version": "2.0.2",
      "dev": true,
      "license": "MIT",
      "funding": {
        "type": "github",
        "url": "https://github.com/sponsors/wooorm"
      }
    },
    "node_modules/trough": {
      "version": "2.2.0",
      "dev": true,
      "license": "MIT",
      "funding": {
        "type": "github",
        "url": "https://github.com/sponsors/wooorm"
      }
    },
    "node_modules/unified": {
      "version": "11.0.5",
      "dev": true,
      "license": "MIT",
      "dependencies": {
        "@types/unist": "^3.0.0",
        "bail": "^2.0.0",
        "devlop": "^1.0.0",
        "extend": "^3.0.0",
        "is-plain-obj": "^4.0.0",
        "trough": "^2.0.0",
        "vfile": "^6.0.0"
      },
      "funding": {
        "type": "opencollective",
        "url": "https://opencollective.com/unified"
      }
    },
    "node_modules/unist-util-find-after": {
      "version": "5.0.0",
      "dev": true,
      "license": "MIT",
      "dependencies": {
        "@types/unist": "^3.0.0",
        "unist-util-is": "^6.0.0"
      },
      "funding": {
        "type": "opencollective",
        "url": "https://opencollective.com/unified"
      }
    },
    "node_modules/unist-util-is": {
      "version": "6.0.1",
      "dev": true,
      "license": "MIT",
      "dependencies": {
        "@types/unist": "^3.0.0"
      },
      "funding": {
        "type": "opencollective",
        "url": "https://opencollective.com/unified"
      }
    },
    "node_modules/unist-util-remove-position": {
      "version": "5.0.0",
      "dev": true,
      "license": "MIT",
      "dependencies": {
        "@types/unist": "^3.0.0",
        "unist-util-visit": "^5.0.0"
      },
      "funding": {
        "type": "opencollective",
        "url": "https://opencollective.com/unified"
      }
    },
    "node_modules/unist-util-stringify-position": {
      "version": "4.0.0",
      "dev": true,
      "license": "MIT",
      "dependencies": {
        "@types/unist": "^3.0.0"
      },
      "funding": {
        "type": "opencollective",
        "url": "https://opencollective.com/unified"
      }
    },
    "node_modules/unist-util-visit": {
      "version": "5.1.0",
      "dev": true,
      "license": "MIT",
      "dependencies": {
        "@types/unist": "^3.0.0",
        "unist-util-is": "^6.0.0",
        "unist-util-visit-parents": "^6.0.0"
      },
      "funding": {
        "type": "opencollective",
        "url": "https://opencollective.com/unified"
      }
    },
    "node_modules/unist-util-visit-parents": {
      "version": "6.0.2",
      "dev": true,
      "license": "MIT",
      "dependencies": {
        "@types/unist": "^3.0.0",
        "unist-util-is": "^6.0.0"
      },
      "funding": {
        "type": "opencollective",
        "url": "https://opencollective.com/unified"
      }
    },
    "node_modules/vfile": {
      "version": "6.0.3",
      "dev": true,
      "license": "MIT",
      "dependencies": {
        "@types/unist": "^3.0.0",
        "vfile-message": "^4.0.0"
      },
      "funding": {
        "type": "opencollective",
        "url": "https://opencollective.com/unified"
      }
    },
    "node_modules/vfile-location": {
      "version": "5.0.3",
      "dev": true,
      "license": "MIT",
      "dependencies": {
        "@types/unist": "^3.0.0",
        "vfile": "^6.0.0"
      },
      "funding": {
        "type": "opencollective",
        "url": "https://opencollective.com/unified"
      }
    },
    "node_modules/vfile-message": {
      "version": "4.0.3",
      "dev": true,
      "license": "MIT",
      "dependencies": {
        "@types/unist": "^3.0.0",
        "unist-util-stringify-position": "^4.0.0"
      },
      "funding": {
        "type": "opencollective",
        "url": "https://opencollective.com/unified"
      }
    },
    "node_modules/web-namespaces": {
      "version": "2.0.1",
      "dev": true,
      "license": "MIT",
      "funding": {
        "type": "github",
        "url": "https://github.com/sponsors/wooorm"
      }
    },
    "node_modules/zwitch": {
      "version": "2.0.4",
      "dev": true,
      "license": "MIT",
      "funding": {
        "type": "github",
        "url": "https://github.com/sponsors/wooorm"
      }
    }
  }
}
